
Microsoft Visual Studio Solution File, Format Version 12.00
# Visual Studio 15
VisualStudioVersion = 15.0.28307.271
MinimumVisualStudioVersion = 10.0.40219.1
Project("{9A19103F-16F7-4668-BE54-9A1E7A4F7556}") = "DCC.API", "DCC.API\DCC.API.csproj", "{EE151DBC-E596-4EF6-A080-21509090C06A}"
EndProject
Global
	GlobalSection(SolutionConfigurationPlatforms) = preSolution
		Debug|Any CPU = Debug|Any CPU
		Release|Any CPU = Release|Any CPU
	EndGlobalSection
	GlobalSection(ProjectConfigurationPlatforms) = postSolution
		{EE151DBC-E596-4EF6-A080-21509090C06A}.Debug|Any CPU.ActiveCfg = Debug|Any CPU
		{EE151DBC-E596-4EF6-A080-21509090C06A}.Debug|Any CPU.Build.0 = Debug|Any CPU
		{EE151DBC-E596-4EF6-A080-21509090C06A}.Release|Any CPU.ActiveCfg = Release|Any CPU
		{EE151DBC-E596-4EF6-A080-21509090C06A}.Release|Any CPU.Build.0 = Release|Any CPU
	EndGlobalSection
	GlobalSection(SolutionProperties) = preSolution
		HideSolutionNode = FALSE
	EndGlobalSection
	GlobalSection(ExtensibilityGlobals) = postSolution
		SolutionGuid = {8B5EA9A6-03BE-4E55-AA05-E95A376A804B}
	EndGlobalSection
EndGlobal
